
Microsoft Visual Studio Solution File, Format Version 12.00
# Visual Studio 15
VisualStudioVersion = 15.0.27004.2006
MinimumVisualStudioVersion = 10.0.40219.1
Project("{FAE04EC0-301F-11D3-BF4B-00C04F79EFBC}") = "Parsec-Friends-Quick-Invite", "Parsec-Friends-Quick-Invite\Parsec-Friends-Quick-Invite.csproj", "{77AFCE0C-36EE-471C-A08B-9EFAB74D78A6}"
EndProject
Global
	GlobalSection(SolutionConfigurationPlatforms) = preSolution
		Debug|Any CPU = Debug|Any CPU
		Release|Any CPU = Release|Any CPU
	EndGlobalSection
	GlobalSection(ProjectConfigurationPlatforms) = postSolution
		{77AFCE0C-36EE-471C-A08B-9EFAB74D78A6}.Debug|Any CPU.ActiveCfg = Debug|Any CPU
		{77AFCE0C-36EE-471C-A08B-9EFAB74D78A6}.Debug|Any CPU.Build.0 = Debug|Any CPU
		{77AFCE0C-36EE-471C-A08B-9EFAB74D78A6}.Release|Any CPU.ActiveCfg = Release|Any CPU
		{77AFCE0C-36EE-471C-A08B-9EFAB74D78A6}.Release|Any CPU.Build.0 = Release|Any CPU
	EndGlobalSection
	GlobalSection(SolutionProperties) = preSolution
		HideSolutionNode = FALSE
	EndGlobalSection
	GlobalSection(ExtensibilityGlobals) = postSolution
		SolutionGuid = {16212305-BA7B-4821-92FE-39A1C0417CEA}
	EndGlobalSection
EndGlobal
